
Microsoft Visual Studio Solution File, Format Version 12.00
# Visual Studio Version 17
VisualStudioVersion = 17.14.36221.1
MinimumVisualStudioVersion = 10.0.40219.1
Project("{FAE04EC0-301F-11D3-BF4B-00C04F79EFBC}") = "AssignmentADV04", "AssignmentADV04\AssignmentADV04.csproj", "{F96FBAA3-150F-42D3-B6F0-4F37EC333D53}"
EndProject
Project("{FAE04EC0-301F-11D3-BF4B-00C04F79EFBC}") = "Demo", "Demo\Demo.csproj", "{55953654-A5EE-4ED5-BF66-3D64503C6EC5}"
EndProject
Global
	GlobalSection(SolutionConfigurationPlatforms) = preSolution
		Debug|Any CPU = Debug|Any CPU
		Release|Any CPU = Release|Any CPU
	EndGlobalSection
	GlobalSection(ProjectConfigurationPlatforms) = postSolution
		{F96FBAA3-150F-42D3-B6F0-4F37EC333D53}.Debug|Any CPU.ActiveCfg = Debug|Any CPU
		{F96FBAA3-150F-42D3-B6F0-4F37EC333D53}.Debug|Any CPU.Build.0 = Debug|Any CPU
		{F96FBAA3-150F-42D3-B6F0-4F37EC333D53}.Release|Any CPU.ActiveCfg = Release|Any CPU
		{F96FBAA3-150F-42D3-B6F0-4F37EC333D53}.Release|Any CPU.Build.0 = Release|Any CPU
		{55953654-A5EE-4ED5-BF66-3D64503C6EC5}.Debug|Any CPU.ActiveCfg = Debug|Any CPU
		{55953654-A5EE-4ED5-BF66-3D64503C6EC5}.Debug|Any CPU.Build.0 = Debug|Any CPU
		{55953654-A5EE-4ED5-BF66-3D64503C6EC5}.Release|Any CPU.ActiveCfg = Release|Any CPU
		{55953654-A5EE-4ED5-BF66-3D64503C6EC5}.Release|Any CPU.Build.0 = Release|Any CPU
	EndGlobalSection
	GlobalSection(SolutionProperties) = preSolution
		HideSolutionNode = FALSE
	EndGlobalSection
	GlobalSection(ExtensibilityGlobals) = postSolution
		SolutionGuid = {F7F440F3-8412-4A9C-9CB2-19B53ECD7BEE}
	EndGlobalSection
EndGlobal
